<?xml version="1.0" encoding="utf-8"?>
<Project ToolsVersion="4.0" xmlns="http://schemas.microsoft.com/developer/msbuild/2003">
  <ItemGroup>
    <ClCompile Include="Actor.cpp" />
    <ClCompile Include="Body.cpp" />
    <ClCompile Include="Bullet.cpp" />
    <ClCompile Include="Camera.cpp" />
    <ClCompile Include="Collision.cpp" />
    <ClCompile Include="ComputeShader.cpp" />
    <ClCompile Include="Debug.cpp" />
    <ClCompile Include="EnemyShip.cpp" />
    <ClCompile Include="EnemySpawner.cpp" />
    <ClCompile Include="ExhaustTrail.cpp" />
    <ClCompile Include="FriendlyShip.cpp" />
    <ClCompile Include="imgui.cpp" />
    <ClCompile Include="imgui_demo.cpp" />
    <ClCompile Include="imgui_draw.cpp" />
    <ClCompile Include="imgui_impl_opengl3.cpp" />
    <ClCompile Include="imgui_impl_sdl2.cpp" />
    <ClCompile Include="imgui_tables.cpp" />
    <ClCompile Include="imgui_widgets.cpp" />
    <ClCompile Include="Mesh.cpp" />
    <ClCompile Include="Model.cpp" />
    <ClCompile Include="Planet.cpp" />
    <ClCompile Include="PlayerController.cpp" />
    <ClCompile Include="Scene0p.cpp" />
    <ClCompile Include="Scene1g.cpp" />
    <ClCompile Include="Scene2g.cpp" />
    <ClCompile Include="Scene3g.cpp" />
    <ClCompile Include="Scene5g.cpp" />
    <ClCompile Include="SceneGameOver.cpp" />
    <ClCompile Include="SceneManager.cpp" />
    <ClCompile Include="Main.cpp" />
    <ClCompile Include="Scene0g.cpp" />
    <ClCompile Include="SceneUI.cpp" />
    <ClCompile Include="SceneUI2.cpp" />
    <ClCompile Include="Shader.cpp" />
    <ClCompile Include="Ship.cpp" />
    <ClCompile Include="ShipController.cpp" />
    <ClCompile Include="SkyBox.cpp" />
    <ClCompile Include="Texture.cpp" />
    <ClCompile Include="Timer.cpp" />
    <ClCompile Include="Trackball.cpp" />
    <ClCompile Include="Transform.cpp" />
    <ClCompile Include="Window.cpp" />
    <ClCompile Include="Line.cpp" />
  </ItemGroup>
  <ItemGroup>
    <ClCompile Include="Main.cpp">
      <Filter>Source Files</Filter>
    </ClCompile>
    <ClCompile Include="Debug.cpp">
      <Filter>Source Files</Filter>
    </ClCompile>
    <ClCompile Include="Timer.cpp">
      <Filter>Source Files</Filter>
    </ClCompile>
    <ClCompile Include="Window.cpp">
      <Filter>Source Files</Filter>
    </ClCompile>
    <ClCompile Include="Scene0g.cpp">
      <Filter>Source Files\Scenes</Filter>
    </ClCompile>
    <ClCompile Include="SceneManager.cpp">
      <Filter>Source Files</Filter>
    </ClCompile>
    <ClCompile Include="Mesh.cpp">
      <Filter>Source Files</Filter>
    </ClCompile>
    <ClCompile Include="Shader.cpp">
      <Filter>Source Files</Filter>
    </ClCompile>
    <ClCompile Include="Body.cpp">
      <Filter>Source Files</Filter>
    </ClCompile>
    <ClCompile Include="Scene0p.cpp">
      <Filter>Source Files\Scenes</Filter>
    </ClCompile>
    <ClCompile Include="Camera.cpp">
      <Filter>Source Files</Filter>
    </ClCompile>
    <ClCompile Include="Trackball.cpp">
      <Filter>Source Files</Filter>
    </ClCompile>
    <ClCompile Include="PlayerController.cpp">
      <Filter>Source Files</Filter>
    </ClCompile>
    <ClCompile Include="Transform.cpp">
      <Filter>Source Files</Filter>
    </ClCompile>
    <ClCompile Include="Model.cpp">
      <Filter>Source Files</Filter>
    </ClCompile>
    <ClCompile Include="Texture.cpp">
      <Filter>Source Files</Filter>
    </ClCompile>
    <ClCompile Include="ShipController.cpp">
      <Filter>Source Files</Filter>
    </ClCompile>
    <ClCompile Include="SkyBox.cpp">
      <Filter>Source Files</Filter>
    </ClCompile>
    <ClCompile Include="Scene1g.cpp">
      <Filter>Source Files\Scenes</Filter>
    </ClCompile>
    <ClCompile Include="Actor.cpp">
      <Filter>Source Files\Actors</Filter>
    </ClCompile>
    <ClCompile Include="Bullet.cpp">
      <Filter>Source Files\Actors</Filter>
    </ClCompile>
    <ClCompile Include="EnemyShip.cpp">
      <Filter>Source Files\Actors</Filter>
    </ClCompile>
    <ClCompile Include="FriendlyShip.cpp">
      <Filter>Source Files\Actors</Filter>
    </ClCompile>
    <ClCompile Include="Ship.cpp">
      <Filter>Source Files\Actors</Filter>
    </ClCompile>
    <ClCompile Include="Planet.cpp">
      <Filter>Source Files\Actors</Filter>
    </ClCompile>
    <ClCompile Include="Scene2g.cpp">
      <Filter>Source Files\Scenes</Filter>
    </ClCompile>
    <ClCompile Include="SceneUI.cpp">
      <Filter>Source Files\Scenes</Filter>
    </ClCompile>
    <ClCompile Include="Collision.cpp">
      <Filter>Source Files</Filter>
    </ClCompile>
    <ClCompile Include="Scene3g.cpp">
      <Filter>Source Files\Scenes</Filter>
    </ClCompile>
    <ClCompile Include="EnemySpawner.cpp">
      <Filter>Source Files</Filter>
    </ClCompile>
    <ClCompile Include="Scene5g.cpp">
      <Filter>Source Files\Scenes</Filter>
    </ClCompile>
    <ClCompile Include="ComputeShader.cpp">
      <Filter>Source Files</Filter>
    </ClCompile>
    <ClCompile Include="imgui.cpp">
      <Filter>Source Files\IMGUI</Filter>
    </ClCompile>
    <ClCompile Include="imgui_demo.cpp">
      <Filter>Source Files\IMGUI</Filter>
    </ClCompile>
    <ClCompile Include="imgui_draw.cpp">
      <Filter>Source Files\IMGUI</Filter>
    </ClCompile>
    <ClCompile Include="imgui_impl_opengl3.cpp">
      <Filter>Source Files\IMGUI</Filter>
    </ClCompile>
    <ClCompile Include="imgui_impl_sdl2.cpp">
      <Filter>Source Files\IMGUI</Filter>
    </ClCompile>
    <ClCompile Include="imgui_tables.cpp">
      <Filter>Source Files\IMGUI</Filter>
    </ClCompile>
    <ClCompile Include="imgui_widgets.cpp">
      <Filter>Source Files\IMGUI</Filter>
    </ClCompile>
    <ClCompile Include="SceneUI2.cpp">
      <Filter>Source Files\Scenes</Filter>
    </ClCompile>
    <ClCompile Include="ExhaustTrail.cpp">
      <Filter>Source Files</Filter>
    </ClCompile>
    <ClCompile Include="SceneGameOver.cpp">
      <Filter>Source Files\Scenes</Filter>
    </ClCompile>
    <ClCompile Include="Line.cpp">
      <Filter>Source Files</Filter>
    </ClCompile>
  </ItemGroup>
  <ItemGroup>
    <ClInclude Include="Debug.h">
      <Filter>Header Files</Filter>
    </ClInclude>
    <ClInclude Include="Timer.h">
      <Filter>Header Files</Filter>
    </ClInclude>
    <ClInclude Include="Window.h">
      <Filter>Header Files</Filter>
    </ClInclude>
    <ClInclude Include="Scene.h">
      <Filter>Header Files\Scenes</Filter>
    </ClInclude>
    <ClInclude Include="Scene0g.h">
      <Filter>Header Files\Scenes</Filter>
    </ClInclude>
    <ClInclude Include="SceneManager.h">
      <Filter>Header Files</Filter>
    </ClInclude>
    <ClInclude Include="Mesh.h">
      <Filter>Header Files</Filter>
    </ClInclude>
    <ClInclude Include="tiny_obj_loader.h">
      <Filter>Header Files</Filter>
    </ClInclude>
    <ClInclude Include="Shader.h">
      <Filter>Header Files</Filter>
    </ClInclude>
    <ClInclude Include="Body.h">
      <Filter>Header Files</Filter>
    </ClInclude>
    <ClInclude Include="Scene0p.h">
      <Filter>Header Files\Scenes</Filter>
    </ClInclude>
    <ClInclude Include="Camera.h">
      <Filter>Header Files</Filter>
    </ClInclude>
    <ClInclude Include="Trackball.h">
      <Filter>Header Files</Filter>
    </ClInclude>
    <ClInclude Include="PlayerController.h">
      <Filter>Header Files</Filter>
    </ClInclude>
    <ClInclude Include="Transform.h">
      <Filter>Header Files</Filter>
    </ClInclude>
    <ClInclude Include="Model.h">
      <Filter>Header Files</Filter>
    </ClInclude>
    <ClInclude Include="Texture.h">
      <Filter>Header Files</Filter>
    </ClInclude>
    <ClInclude Include="ShipController.h">
      <Filter>Header Files</Filter>
    </ClInclude>
    <ClInclude Include="SkyBox.h">
      <Filter>Header Files</Filter>
    </ClInclude>
    <ClInclude Include="Scene1g.h">
      <Filter>Header Files\Scenes</Filter>
    </ClInclude>
    <ClInclude Include="Constants.h">
      <Filter>Header Files</Filter>
    </ClInclude>
    <ClInclude Include="Actor.h">
      <Filter>Header Files\Actors</Filter>
    </ClInclude>
    <ClInclude Include="Bullet.h">
      <Filter>Header Files\Actors</Filter>
    </ClInclude>
    <ClInclude Include="EnemyShip.h">
      <Filter>Header Files\Actors</Filter>
    </ClInclude>
    <ClInclude Include="FriendlyShip.h">
      <Filter>Header Files\Actors</Filter>
    </ClInclude>
    <ClInclude Include="Ship.h">
      <Filter>Header Files\Actors</Filter>
    </ClInclude>
    <ClInclude Include="Planet.h">
      <Filter>Header Files\Actors</Filter>
    </ClInclude>
    <ClInclude Include="Scene2g.h">
      <Filter>Header Files\Scenes</Filter>
    </ClInclude>
    <ClInclude Include="SceneUI.h">
      <Filter>Header Files\Scenes</Filter>
    </ClInclude>
    <ClInclude Include="Collision.h">
      <Filter>Header Files</Filter>
    </ClInclude>
    <ClInclude Include="Scene3g.h">
      <Filter>Header Files\Scenes</Filter>
    </ClInclude>
    <ClInclude Include="EnemySpawner.h">
      <Filter>Header Files</Filter>
    </ClInclude>
    <ClInclude Include="Scene5g.h">
      <Filter>Header Files\Scenes</Filter>
    </ClInclude>
    <ClInclude Include="ComputeShader.h">
      <Filter>Header Files</Filter>
    </ClInclude>
    <ClInclude Include="imconfig.h">
      <Filter>Header Files\IMGUI</Filter>
    </ClInclude>
    <ClInclude Include="imgui.h">
      <Filter>Header Files\IMGUI</Filter>
    </ClInclude>
    <ClInclude Include="imgui_impl_opengl3.h">
      <Filter>Header Files\IMGUI</Filter>
    </ClInclude>
    <ClInclude Include="imgui_impl_opengl3_loader.h">
      <Filter>Header Files\IMGUI</Filter>
    </ClInclude>
    <ClInclude Include="imgui_impl_sdl2.h">
      <Filter>Header Files\IMGUI</Filter>
    </ClInclude>
    <ClInclude Include="imgui_internal.h">
      <Filter>Header Files\IMGUI</Filter>
    </ClInclude>
    <ClInclude Include="imstb_rectpack.h">
      <Filter>Header Files\IMGUI</Filter>
    </ClInclude>
    <ClInclude Include="imstb_textedit.h">
      <Filter>Header Files\IMGUI</Filter>
    </ClInclude>
    <ClInclude Include="imstb_truetype.h">
      <Filter>Header Files\IMGUI</Filter>
    </ClInclude>
    <ClInclude Include="stb_image.h">
      <Filter>Header Files</Filter>
    </ClInclude>
    <ClInclude Include="SceneUI2.h">
      <Filter>Header Files\Scenes</Filter>
    </ClInclude>
    <ClInclude Include="ExhaustTrail.h">
      <Filter>Header Files</Filter>
    </ClInclude>
    <ClInclude Include="SceneGameOver.h">
      <Filter>Header Files\Scenes</Filter>
    </ClInclude>
    <ClInclude Include="Line.h">
      <Filter>Header Files</Filter>
    </ClInclude>
  </ItemGroup>
  <ItemGroup>
    <Text Include="GameEngineLog.txt" />
  </ItemGroup>
</Project>